{
  "lockfileVersion": 1,
  "workspaces": {
    "": {
      "name": "sowar",
      "dependencies": {
        "canvas-confetti": "^1.9.4",
        "codejar": "^4.3.0",
        "prismjs": "^1.30.0",
        "zustand": "^5.0.9",
      },
    },
  },
  "packages": {
    "canvas-confetti": ["canvas-confetti@1.9.4", "", {}, "sha512-yxQbJkAVrFXWNbTUjPqjF7G+g6pDotOUHGbkZq2NELZUMDpiJ85rIEazVb8GTaAptNW2miJAXbs1BtioA251Pw=="],

    "codejar": ["codejar@4.3.0", "", {}, "sha512-A7BlrtD2oHR4xsABs/lLvDNxiPxkx71SuyHhcilBHbPMASpQs4d1AG2XjDSAm7y40RmfXbSGbMBhllGy//CDOA=="],

    "prismjs": ["prismjs@1.30.0", "", {}, "sha512-DEvV2ZF2r2/63V+tK8hQvrR2ZGn10srHbXviTlcv7Kpzw8jWiNTqbVgjO3IY8RxrrOUF8VPMQQFysYYYv0YZxw=="],

    "zustand": ["zustand@5.0.9", "", { "peerDependencies": { "@types/react": ">=18.0.0", "immer": ">=9.0.6", "react": ">=18.0.0", "use-sync-external-store": ">=1.2.0" }, "optionalPeers": ["@types/react", "immer", "react", "use-sync-external-store"] }, "sha512-ALBtUj0AfjJt3uNRQoL1tL2tMvj6Gp/6e39dnfT6uzpelGru8v1tPOGBzayOWbPJvujM8JojDk3E1LxeFisBNg=="],
  }
}
